
Microsoft Visual Studio Solution File, Format Version 12.00
# Visual Studio 2013
VisualStudioVersion = 12.0.30501.0
MinimumVisualStudioVersion = 10.0.40219.1
Project("{FAE04EC0-301F-11D3-BF4B-00C04F79EFBC}") = "Mp3Manager", "Mp3Manager\Mp3Manager.csproj", "{BDAC7BCA-26EF-493B-8035-9838BC710DBF}"
EndProject
Project("{FAE04EC0-301F-11D3-BF4B-00C04F79EFBC}") = "Common", "Common\Common.csproj", "{DE08F7E7-A826-409F-B259-EBF0EF5C6D0E}"
EndProject
Project("{FAE04EC0-301F-11D3-BF4B-00C04F79EFBC}") = "MusicCollectionHandler", "Mp3Handler\MusicCollectionHandler.csproj", "{F625F1C6-1056-4E58-8EC3-4E985C5B8447}"
EndProject
Project("{FAE04EC0-301F-11D3-BF4B-00C04F79EFBC}") = "UnitTest.MusicCollectionHandler", "UnitTest.Mp3Handler\UnitTest.MusicCollectionHandler.csproj", "{F7472A15-11CB-416F-8FD8-AFDCFF4E642C}"
EndProject
Global
	GlobalSection(SolutionConfigurationPlatforms) = preSolution
		Debug|Any CPU = Debug|Any CPU
		Release|Any CPU = Release|Any CPU
	EndGlobalSection
	GlobalSection(ProjectConfigurationPlatforms) = postSolution
		{BDAC7BCA-26EF-493B-8035-9838BC710DBF}.Debug|Any CPU.ActiveCfg = Debug|Any CPU
		{BDAC7BCA-26EF-493B-8035-9838BC710DBF}.Debug|Any CPU.Build.0 = Debug|Any CPU
		{BDAC7BCA-26EF-493B-8035-9838BC710DBF}.Release|Any CPU.ActiveCfg = Release|Any CPU
		{BDAC7BCA-26EF-493B-8035-9838BC710DBF}.Release|Any CPU.Build.0 = Release|Any CPU
		{DE08F7E7-A826-409F-B259-EBF0EF5C6D0E}.Debug|Any CPU.ActiveCfg = Debug|Any CPU
		{DE08F7E7-A826-409F-B259-EBF0EF5C6D0E}.Debug|Any CPU.Build.0 = Debug|Any CPU
		{DE08F7E7-A826-409F-B259-EBF0EF5C6D0E}.Release|Any CPU.ActiveCfg = Release|Any CPU
		{DE08F7E7-A826-409F-B259-EBF0EF5C6D0E}.Release|Any CPU.Build.0 = Release|Any CPU
		{F625F1C6-1056-4E58-8EC3-4E985C5B8447}.Debug|Any CPU.ActiveCfg = Debug|Any CPU
		{F625F1C6-1056-4E58-8EC3-4E985C5B8447}.Debug|Any CPU.Build.0 = Debug|Any CPU
		{F625F1C6-1056-4E58-8EC3-4E985C5B8447}.Release|Any CPU.ActiveCfg = Release|Any CPU
		{F625F1C6-1056-4E58-8EC3-4E985C5B8447}.Release|Any CPU.Build.0 = Release|Any CPU
		{F7472A15-11CB-416F-8FD8-AFDCFF4E642C}.Debug|Any CPU.ActiveCfg = Debug|Any CPU
		{F7472A15-11CB-416F-8FD8-AFDCFF4E642C}.Debug|Any CPU.Build.0 = Debug|Any CPU
		{F7472A15-11CB-416F-8FD8-AFDCFF4E642C}.Release|Any CPU.ActiveCfg = Release|Any CPU
		{F7472A15-11CB-416F-8FD8-AFDCFF4E642C}.Release|Any CPU.Build.0 = Release|Any CPU
	EndGlobalSection
	GlobalSection(SolutionProperties) = preSolution
		HideSolutionNode = FALSE
	EndGlobalSection
EndGlobal
